
Microsoft Visual Studio Solution File, Format Version 12.00
# Visual Studio Version 17
VisualStudioVersion = 17.5.33516.290
MinimumVisualStudioVersion = 10.0.40219.1
Project("{9A19103F-16F7-4668-BE54-9A1E7A4F7556}") = "Byte", "Byte\Byte.csproj", "{B77203C7-B531-4C34-B751-5955A9564716}"
EndProject
Project("{9A19103F-16F7-4668-BE54-9A1E7A4F7556}") = "Encoding demo", "Encoding demo\Encoding demo.csproj", "{79FEC6F4-2ED1-42C6-86C4-D408329C7CA3}"
EndProject
Project("{9A19103F-16F7-4668-BE54-9A1E7A4F7556}") = "SymmetricEncryptionApp", "SymmetricEncryptionApp\SymmetricEncryptionApp.csproj", "{9C336F60-9287-4619-8E94-85BF7FC9113B}"
EndProject
Project("{9A19103F-16F7-4668-BE54-9A1E7A4F7556}") = "RSAApp", "RSAApp\RSAApp.csproj", "{3D65E19D-EE58-4E82-AFC1-9ED86842A2A1}"
EndProject
Project("{9A19103F-16F7-4668-BE54-9A1E7A4F7556}") = "AsymDemoApp", "AsymDemoApp\AsymDemoApp.csproj", "{BF1F0E26-C5C3-49F9-B676-40FBCDFEAB3D}"
EndProject
Global
	GlobalSection(SolutionConfigurationPlatforms) = preSolution
		Debug|Any CPU = Debug|Any CPU
		Release|Any CPU = Release|Any CPU
	EndGlobalSection
	GlobalSection(ProjectConfigurationPlatforms) = postSolution
		{B77203C7-B531-4C34-B751-5955A9564716}.Debug|Any CPU.ActiveCfg = Debug|Any CPU
		{B77203C7-B531-4C34-B751-5955A9564716}.Debug|Any CPU.Build.0 = Debug|Any CPU
		{B77203C7-B531-4C34-B751-5955A9564716}.Release|Any CPU.ActiveCfg = Release|Any CPU
		{B77203C7-B531-4C34-B751-5955A9564716}.Release|Any CPU.Build.0 = Release|Any CPU
		{79FEC6F4-2ED1-42C6-86C4-D408329C7CA3}.Debug|Any CPU.ActiveCfg = Debug|Any CPU
		{79FEC6F4-2ED1-42C6-86C4-D408329C7CA3}.Debug|Any CPU.Build.0 = Debug|Any CPU
		{79FEC6F4-2ED1-42C6-86C4-D408329C7CA3}.Release|Any CPU.ActiveCfg = Release|Any CPU
		{79FEC6F4-2ED1-42C6-86C4-D408329C7CA3}.Release|Any CPU.Build.0 = Release|Any CPU
		{9C336F60-9287-4619-8E94-85BF7FC9113B}.Debug|Any CPU.ActiveCfg = Debug|Any CPU
		{9C336F60-9287-4619-8E94-85BF7FC9113B}.Debug|Any CPU.Build.0 = Debug|Any CPU
		{9C336F60-9287-4619-8E94-85BF7FC9113B}.Release|Any CPU.ActiveCfg = Release|Any CPU
		{9C336F60-9287-4619-8E94-85BF7FC9113B}.Release|Any CPU.Build.0 = Release|Any CPU
		{3D65E19D-EE58-4E82-AFC1-9ED86842A2A1}.Debug|Any CPU.ActiveCfg = Debug|Any CPU
		{3D65E19D-EE58-4E82-AFC1-9ED86842A2A1}.Debug|Any CPU.Build.0 = Debug|Any CPU
		{3D65E19D-EE58-4E82-AFC1-9ED86842A2A1}.Release|Any CPU.ActiveCfg = Release|Any CPU
		{3D65E19D-EE58-4E82-AFC1-9ED86842A2A1}.Release|Any CPU.Build.0 = Release|Any CPU
		{BF1F0E26-C5C3-49F9-B676-40FBCDFEAB3D}.Debug|Any CPU.ActiveCfg = Debug|Any CPU
		{BF1F0E26-C5C3-49F9-B676-40FBCDFEAB3D}.Debug|Any CPU.Build.0 = Debug|Any CPU
		{BF1F0E26-C5C3-49F9-B676-40FBCDFEAB3D}.Release|Any CPU.ActiveCfg = Release|Any CPU
		{BF1F0E26-C5C3-49F9-B676-40FBCDFEAB3D}.Release|Any CPU.Build.0 = Release|Any CPU
	EndGlobalSection
	GlobalSection(SolutionProperties) = preSolution
		HideSolutionNode = FALSE
	EndGlobalSection
	GlobalSection(ExtensibilityGlobals) = postSolution
		SolutionGuid = {5E5D6B27-1D3D-47C8-9DDF-CED6B8A1930C}
	EndGlobalSection
EndGlobal
