
Microsoft Visual Studio Solution File, Format Version 12.00
# Visual Studio Version 17
VisualStudioVersion = 17.4.33213.308
MinimumVisualStudioVersion = 10.0.40219.1
Project("{FAE04EC0-301F-11D3-BF4B-00C04F79EFBC}") = "SäikeetDemo", "SäikeetDemo\SäikeetDemo.csproj", "{D0086E47-9579-44B5-9231-3CC0D4BACE92}"
EndProject
Global
	GlobalSection(SolutionConfigurationPlatforms) = preSolution
		Debug|Any CPU = Debug|Any CPU
		Release|Any CPU = Release|Any CPU
	EndGlobalSection
	GlobalSection(ProjectConfigurationPlatforms) = postSolution
		{D0086E47-9579-44B5-9231-3CC0D4BACE92}.Debug|Any CPU.ActiveCfg = Debug|Any CPU
		{D0086E47-9579-44B5-9231-3CC0D4BACE92}.Debug|Any CPU.Build.0 = Debug|Any CPU
		{D0086E47-9579-44B5-9231-3CC0D4BACE92}.Release|Any CPU.ActiveCfg = Release|Any CPU
		{D0086E47-9579-44B5-9231-3CC0D4BACE92}.Release|Any CPU.Build.0 = Release|Any CPU
	EndGlobalSection
	GlobalSection(SolutionProperties) = preSolution
		HideSolutionNode = FALSE
	EndGlobalSection
	GlobalSection(ExtensibilityGlobals) = postSolution
		SolutionGuid = {29928EEC-C4C4-448A-A117-B5D56D7AD46D}
	EndGlobalSection
EndGlobal
